
Microsoft Visual Studio Solution File, Format Version 12.00
# Visual Studio Version 17
VisualStudioVersion = 17.12.35521.163 d17.12
MinimumVisualStudioVersion = 10.0.40219.1
Project("{FAE04EC0-301F-11D3-BF4B-00C04F79EFBC}") = "LabeArch1", "LabeArch1.csproj", "{422C7709-4EB6-4429-A41A-F5DA5173E1F8}"
EndProject
Global
	GlobalSection(SolutionConfigurationPlatforms) = preSolution
		Debug|Any CPU = Debug|Any CPU
		Release|Any CPU = Release|Any CPU
	EndGlobalSection
	GlobalSection(ProjectConfigurationPlatforms) = postSolution
		{422C7709-4EB6-4429-A41A-F5DA5173E1F8}.Debug|Any CPU.ActiveCfg = Debug|Any CPU
		{422C7709-4EB6-4429-A41A-F5DA5173E1F8}.Debug|Any CPU.Build.0 = Debug|Any CPU
		{422C7709-4EB6-4429-A41A-F5DA5173E1F8}.Release|Any CPU.ActiveCfg = Release|Any CPU
		{422C7709-4EB6-4429-A41A-F5DA5173E1F8}.Release|Any CPU.Build.0 = Release|Any CPU
	EndGlobalSection
	GlobalSection(SolutionProperties) = preSolution
		HideSolutionNode = FALSE
	EndGlobalSection
EndGlobal
